// !$*UTF8*$!
{
	archiveVersion = 1;
	classes = {
	};
	objectVersion = 46;
	objects = {

/* Begin PBXBuildFile section */
		3F814E06482DC7021CD473E1 /* Pods_LemonadeUI_Tests.framework in Frameworks */ = {isa = PBXBuildFile; fileRef = 45523641D9E00BAFC97E7AA6 /* Pods_LemonadeUI_Tests.framework */; };
		607FACD61AFB9204008FA782 /* AppDelegate.swift in Sources */ = {isa = PBXBuildFile; fileRef = 607FACD51AFB9204008FA782 /* AppDelegate.swift */; };
		607FACDD1AFB9204008FA782 /* Images.xcassets in Resources */ = {isa = PBXBuildFile; fileRef = 607FACDC1AFB9204008FA782 /* Images.xcassets */; };
		607FACE01AFB9204008FA782 /* LaunchScreen.xib in Resources */ = {isa = PBXBuildFile; fileRef = 607FACDE1AFB9204008FA782 /* LaunchScreen.xib */; };
		607FACEC1AFB9204008FA782 /* Tests.swift in Sources */ = {isa = PBXBuildFile; fileRef = 607FACEB1AFB9204008FA782 /* Tests.swift */; };
		8537B3140C9325DCDF721964 /* Pods_LemonadeUI_Example.framework in Frameworks */ = {isa = PBXBuildFile; fileRef = 29A5683C63715C1B10454CFA /* Pods_LemonadeUI_Example.framework */; };
		EE65781D279F2A2E00F12261 /* StarterVC.swift in Sources */ = {isa = PBXBuildFile; fileRef = EE65781C279F2A2E00F12261 /* StarterVC.swift */; };
		EE657820279F2D4200F12261 /* PlaygroundVC.swift in Sources */ = {isa = PBXBuildFile; fileRef = EE65781F279F2D4200F12261 /* PlaygroundVC.swift */; };
		EE657825279FEB6F00F12261 /* ButtonTableViewCell.swift in Sources */ = {isa = PBXBuildFile; fileRef = EE657824279FEB6F00F12261 /* ButtonTableViewCell.swift */; };
		EE657828279FEBD300F12261 /* PlaygroundViewModel.swift in Sources */ = {isa = PBXBuildFile; fileRef = EE657827279FEBD300F12261 /* PlaygroundViewModel.swift */; };
		EE65782A279FEC0C00F12261 /* PlaygroundHeaderView.swift in Sources */ = {isa = PBXBuildFile; fileRef = EE657829279FEC0C00F12261 /* PlaygroundHeaderView.swift */; };
		EE7D5FC327A5EF01006E5756 /* ProgressBarsVC.swift in Sources */ = {isa = PBXBuildFile; fileRef = EE7D5FC227A5EF01006E5756 /* ProgressBarsVC.swift */; };
		EECF70A127A6A0B900BBEA02 /* ExampleFormViewModel.swift in Sources */ = {isa = PBXBuildFile; fileRef = EECF70A027A6A0B900BBEA02 /* ExampleFormViewModel.swift */; };
		EEE12BBA27A1DEC400F66648 /* ChartVC.swift in Sources */ = {isa = PBXBuildFile; fileRef = EEE12BB927A1DEC400F66648 /* ChartVC.swift */; };
		EEE12BBF27A1E8C900F66648 /* LotusVC.swift in Sources */ = {isa = PBXBuildFile; fileRef = EEE12BBE27A1E8C900F66648 /* LotusVC.swift */; };
		EEE12BC127A1ED1300F66648 /* FlowerVC.swift in Sources */ = {isa = PBXBuildFile; fileRef = EEE12BC027A1ED1300F66648 /* FlowerVC.swift */; };
		EEE12BC327A1F31300F66648 /* SliderCell.swift in Sources */ = {isa = PBXBuildFile; fileRef = EEE12BC227A1F31300F66648 /* SliderCell.swift */; };
		EEE12BC627A1FB4D00F66648 /* SearchVC.swift in Sources */ = {isa = PBXBuildFile; fileRef = EEE12BC527A1FB4D00F66648 /* SearchVC.swift */; };
		EEE12BC927A3479E00F66648 /* SearchViewModel.swift in Sources */ = {isa = PBXBuildFile; fileRef = EEE12BC827A3479E00F66648 /* SearchViewModel.swift */; };
		EEE12BCB27A347CF00F66648 /* SearchCell.swift in Sources */ = {isa = PBXBuildFile; fileRef = EEE12BCA27A347CF00F66648 /* SearchCell.swift */; };
		EEE12BCD27A34C9700F66648 /* CustomSegmentControl.swift in Sources */ = {isa = PBXBuildFile; fileRef = EEE12BCC27A34C9700F66648 /* CustomSegmentControl.swift */; };
/* End PBXBuildFile section */

/* Begin PBXContainerItemProxy section */
		607FACE61AFB9204008FA782 /* PBXContainerItemProxy */ = {
			isa = PBXContainerItemProxy;
			containerPortal = 607FACC81AFB9204008FA782 /* Project object */;
			proxyType = 1;
			remoteGlobalIDString = 607FACCF1AFB9204008FA782;
			remoteInfo = LemonadeUI;
		};
/* End PBXContainerItemProxy section */

/* Begin PBXFileReference section */
		0AF120870AB91A1EB6223365 /* Pods-LemonadeUI_Tests.debug.xcconfig */ = {isa = PBXFileReference; includeInIndex = 1; lastKnownFileType = text.xcconfig; name = "Pods-LemonadeUI_Tests.debug.xcconfig"; path = "Target Support Files/Pods-LemonadeUI_Tests/Pods-LemonadeUI_Tests.debug.xcconfig"; sourceTree = "<group>"; };
		12538FCE06F2FD56394729F7 /* LemonadeUI.podspec */ = {isa = PBXFileReference; includeInIndex = 1; lastKnownFileType = text; name = LemonadeUI.podspec; path = ../LemonadeUI.podspec; sourceTree = "<group>"; xcLanguageSpecificationIdentifier = xcode.lang.ruby; };
		29A5683C63715C1B10454CFA /* Pods_LemonadeUI_Example.framework */ = {isa = PBXFileReference; explicitFileType = wrapper.framework; includeInIndex = 0; path = Pods_LemonadeUI_Example.framework; sourceTree = BUILT_PRODUCTS_DIR; };
		2B41981150A28BD83FA2431B /* Pods-LemonadeUI_Tests.release.xcconfig */ = {isa = PBXFileReference; includeInIndex = 1; lastKnownFileType = text.xcconfig; name = "Pods-LemonadeUI_Tests.release.xcconfig"; path = "Target Support Files/Pods-LemonadeUI_Tests/Pods-LemonadeUI_Tests.release.xcconfig"; sourceTree = "<group>"; };
		3BC2E208BC440D4CF9E96499 /* LICENSE */ = {isa = PBXFileReference; includeInIndex = 1; lastKnownFileType = text; name = LICENSE; path = ../LICENSE; sourceTree = "<group>"; };
		45523641D9E00BAFC97E7AA6 /* Pods_LemonadeUI_Tests.framework */ = {isa = PBXFileReference; explicitFileType = wrapper.framework; includeInIndex = 0; path = Pods_LemonadeUI_Tests.framework; sourceTree = BUILT_PRODUCTS_DIR; };
		607FACD01AFB9204008FA782 /* LemonadeUI_Example.app */ = {isa = PBXFileReference; explicitFileType = wrapper.application; includeInIndex = 0; path = LemonadeUI_Example.app; sourceTree = BUILT_PRODUCTS_DIR; };
		607FACD41AFB9204008FA782 /* Info.plist */ = {isa = PBXFileReference; lastKnownFileType = text.plist.xml; path = Info.plist; sourceTree = "<group>"; };
		607FACD51AFB9204008FA782 /* AppDelegate.swift */ = {isa = PBXFileReference; lastKnownFileType = sourcecode.swift; path = AppDelegate.swift; sourceTree = "<group>"; };
		607FACDC1AFB9204008FA782 /* Images.xcassets */ = {isa = PBXFileReference; lastKnownFileType = folder.assetcatalog; path = Images.xcassets; sourceTree = "<group>"; };
		607FACDF1AFB9204008FA782 /* Base */ = {isa = PBXFileReference; lastKnownFileType = file.xib; name = Base; path = Base.lproj/LaunchScreen.xib; sourceTree = "<group>"; };
		607FACE51AFB9204008FA782 /* LemonadeUI_Tests.xctest */ = {isa = PBXFileReference; explicitFileType = wrapper.cfbundle; includeInIndex = 0; path = LemonadeUI_Tests.xctest; sourceTree = BUILT_PRODUCTS_DIR; };
		607FACEA1AFB9204008FA782 /* Info.plist */ = {isa = PBXFileReference; lastKnownFileType = text.plist.xml; path = Info.plist; sourceTree = "<group>"; };
		607FACEB1AFB9204008FA782 /* Tests.swift */ = {isa = PBXFileReference; lastKnownFileType = sourcecode.swift; path = Tests.swift; sourceTree = "<group>"; };
		8C63813BE8CC48C53DE1FF49 /* Pods-LemonadeUI_Example.debug.xcconfig */ = {isa = PBXFileReference; includeInIndex = 1; lastKnownFileType = text.xcconfig; name = "Pods-LemonadeUI_Example.debug.xcconfig"; path = "Target Support Files/Pods-LemonadeUI_Example/Pods-LemonadeUI_Example.debug.xcconfig"; sourceTree = "<group>"; };
		C86B16500D51528C04624E9D /* README.md */ = {isa = PBXFileReference; includeInIndex = 1; lastKnownFileType = net.daringfireball.markdown; name = README.md; path = ../README.md; sourceTree = "<group>"; };
		D3ED7A8B1D41761F5B3F1C09 /* Pods-LemonadeUI_Example.release.xcconfig */ = {isa = PBXFileReference; includeInIndex = 1; lastKnownFileType = text.xcconfig; name = "Pods-LemonadeUI_Example.release.xcconfig"; path = "Target Support Files/Pods-LemonadeUI_Example/Pods-LemonadeUI_Example.release.xcconfig"; sourceTree = "<group>"; };
		EE65781C279F2A2E00F12261 /* StarterVC.swift */ = {isa = PBXFileReference; lastKnownFileType = sourcecode.swift; path = StarterVC.swift; sourceTree = "<group>"; };
		EE65781F279F2D4200F12261 /* PlaygroundVC.swift */ = {isa = PBXFileReference; lastKnownFileType = sourcecode.swift; path = PlaygroundVC.swift; sourceTree = "<group>"; };
		EE657824279FEB6F00F12261 /* ButtonTableViewCell.swift */ = {isa = PBXFileReference; lastKnownFileType = sourcecode.swift; path = ButtonTableViewCell.swift; sourceTree = "<group>"; };
		EE657827279FEBD300F12261 /* PlaygroundViewModel.swift */ = {isa = PBXFileReference; lastKnownFileType = sourcecode.swift; path = PlaygroundViewModel.swift; sourceTree = "<group>"; };
		EE657829279FEC0C00F12261 /* PlaygroundHeaderView.swift */ = {isa = PBXFileReference; lastKnownFileType = sourcecode.swift; path = PlaygroundHeaderView.swift; sourceTree = "<group>"; };
		EE7D5FC227A5EF01006E5756 /* ProgressBarsVC.swift */ = {isa = PBXFileReference; lastKnownFileType = sourcecode.swift; path = ProgressBarsVC.swift; sourceTree = "<group>"; };
		EECF70A027A6A0B900BBEA02 /* ExampleFormViewModel.swift */ = {isa = PBXFileReference; lastKnownFileType = sourcecode.swift; path = ExampleFormViewModel.swift; sourceTree = "<group>"; };
		EEE12BB927A1DEC400F66648 /* ChartVC.swift */ = {isa = PBXFileReference; lastKnownFileType = sourcecode.swift; path = ChartVC.swift; sourceTree = "<group>"; };
		EEE12BBE27A1E8C900F66648 /* LotusVC.swift */ = {isa = PBXFileReference; lastKnownFileType = sourcecode.swift; path = LotusVC.swift; sourceTree = "<group>"; };
		EEE12BC027A1ED1300F66648 /* FlowerVC.swift */ = {isa = PBXFileReference; lastKnownFileType = sourcecode.swift; path = FlowerVC.swift; sourceTree = "<group>"; };
		EEE12BC227A1F31300F66648 /* SliderCell.swift */ = {isa = PBXFileReference; lastKnownFileType = sourcecode.swift; path = SliderCell.swift; sourceTree = "<group>"; };
		EEE12BC527A1FB4D00F66648 /* SearchVC.swift */ = {isa = PBXFileReference; lastKnownFileType = sourcecode.swift; path = SearchVC.swift; sourceTree = "<group>"; };
		EEE12BC827A3479E00F66648 /* SearchViewModel.swift */ = {isa = PBXFileReference; lastKnownFileType = sourcecode.swift; path = SearchViewModel.swift; sourceTree = "<group>"; };
		EEE12BCA27A347CF00F66648 /* SearchCell.swift */ = {isa = PBXFileReference; lastKnownFileType = sourcecode.swift; path = SearchCell.swift; sourceTree = "<group>"; };
		EEE12BCC27A34C9700F66648 /* CustomSegmentControl.swift */ = {isa = PBXFileReference; lastKnownFileType = sourcecode.swift; path = CustomSegmentControl.swift; sourceTree = "<group>"; };
/* End PBXFileReference section */

/* Begin PBXFrameworksBuildPhase section */
		607FACCD1AFB9204008FA782 /* Frameworks */ = {
			isa = PBXFrameworksBuildPhase;
			buildActionMask = 2147483647;
			files = (
				8537B3140C9325DCDF721964 /* Pods_LemonadeUI_Example.framework in Frameworks */,
			);
			runOnlyForDeploymentPostprocessing = 0;
		};
		607FACE21AFB9204008FA782 /* Frameworks */ = {
			isa = PBXFrameworksBuildPhase;
			buildActionMask = 2147483647;
			files = (
				3F814E06482DC7021CD473E1 /* Pods_LemonadeUI_Tests.framework in Frameworks */,
			);
			runOnlyForDeploymentPostprocessing = 0;
		};
/* End PBXFrameworksBuildPhase section */

/* Begin PBXGroup section */
		607FACC71AFB9204008FA782 = {
			isa = PBXGroup;
			children = (
				607FACF51AFB993E008FA782 /* Podspec Metadata */,
				607FACD21AFB9204008FA782 /* Example for LemonadeUI */,
				607FACE81AFB9204008FA782 /* Tests */,
				607FACD11AFB9204008FA782 /* Products */,
				FD02D70953C8E9AD9C07D38A /* Pods */,
				DA476349590819AD9F88082C /* Frameworks */,
			);
			sourceTree = "<group>";
		};
		607FACD11AFB9204008FA782 /* Products */ = {
			isa = PBXGroup;
			children = (
				607FACD01AFB9204008FA782 /* LemonadeUI_Example.app */,
				607FACE51AFB9204008FA782 /* LemonadeUI_Tests.xctest */,
			);
			name = Products;
			sourceTree = "<group>";
		};
		607FACD21AFB9204008FA782 /* Example for LemonadeUI */ = {
			isa = PBXGroup;
			children = (
				EE657822279FEB4200F12261 /* Playground */,
				607FACD51AFB9204008FA782 /* AppDelegate.swift */,
				607FACDC1AFB9204008FA782 /* Images.xcassets */,
				607FACDE1AFB9204008FA782 /* LaunchScreen.xib */,
				607FACD31AFB9204008FA782 /* Supporting Files */,
				EE65781C279F2A2E00F12261 /* StarterVC.swift */,
			);
			name = "Example for LemonadeUI";
			path = LemonadeUI;
			sourceTree = "<group>";
		};
		607FACD31AFB9204008FA782 /* Supporting Files */ = {
			isa = PBXGroup;
			children = (
				607FACD41AFB9204008FA782 /* Info.plist */,
			);
			name = "Supporting Files";
			sourceTree = "<group>";
		};
		607FACE81AFB9204008FA782 /* Tests */ = {
			isa = PBXGroup;
			children = (
				607FACEB1AFB9204008FA782 /* Tests.swift */,
				607FACE91AFB9204008FA782 /* Supporting Files */,
			);
			path = Tests;
			sourceTree = "<group>";
		};
		607FACE91AFB9204008FA782 /* Supporting Files */ = {
			isa = PBXGroup;
			children = (
				607FACEA1AFB9204008FA782 /* Info.plist */,
			);
			name = "Supporting Files";
			sourceTree = "<group>";
		};
		607FACF51AFB993E008FA782 /* Podspec Metadata */ = {
			isa = PBXGroup;
			children = (
				12538FCE06F2FD56394729F7 /* LemonadeUI.podspec */,
				C86B16500D51528C04624E9D /* README.md */,
				3BC2E208BC440D4CF9E96499 /* LICENSE */,
			);
			name = "Podspec Metadata";
			sourceTree = "<group>";
		};
		DA476349590819AD9F88082C /* Frameworks */ = {
			isa = PBXGroup;
			children = (
				29A5683C63715C1B10454CFA /* Pods_LemonadeUI_Example.framework */,
				45523641D9E00BAFC97E7AA6 /* Pods_LemonadeUI_Tests.framework */,
			);
			name = Frameworks;
			sourceTree = "<group>";
		};
		EE657822279FEB4200F12261 /* Playground */ = {
			isa = PBXGroup;
			children = (
				EEE12BB727A1DEAD00F66648 /* Features */,
				EE657826279FEBC500F12261 /* ViewModels */,
				EE657823279FEB6700F12261 /* Cells */,
				EE65781F279F2D4200F12261 /* PlaygroundVC.swift */,
				EE657829279FEC0C00F12261 /* PlaygroundHeaderView.swift */,
			);
			name = Playground;
			sourceTree = "<group>";
		};
		EE657823279FEB6700F12261 /* Cells */ = {
			isa = PBXGroup;
			children = (
				EE657824279FEB6F00F12261 /* ButtonTableViewCell.swift */,
				EEE12BC227A1F31300F66648 /* SliderCell.swift */,
				EEE12BCA27A347CF00F66648 /* SearchCell.swift */,
			);
			name = Cells;
			sourceTree = "<group>";
		};
		EE657826279FEBC500F12261 /* ViewModels */ = {
			isa = PBXGroup;
			children = (
				EE657827279FEBD300F12261 /* PlaygroundViewModel.swift */,
				EECF70A027A6A0B900BBEA02 /* ExampleFormViewModel.swift */,
			);
			name = ViewModels;
			sourceTree = "<group>";
		};
		EEE12BB727A1DEAD00F66648 /* Features */ = {
			isa = PBXGroup;
			children = (
				EEE12BC427A1FB3D00F66648 /* Inputs */,
				EEE12BBB27A1E88200F66648 /* CustomShapes */,
				EEE12BB827A1DEB200F66648 /* Charts */,
			);
			name = Features;
			sourceTree = "<group>";
		};
		EEE12BB827A1DEB200F66648 /* Charts */ = {
			isa = PBXGroup;
			children = (
				EEE12BB927A1DEC400F66648 /* ChartVC.swift */,
			);
			name = Charts;
			sourceTree = "<group>";
		};
		EEE12BBB27A1E88200F66648 /* CustomShapes */ = {
			isa = PBXGroup;
			children = (
				EEE12BBE27A1E8C900F66648 /* LotusVC.swift */,
				EEE12BC027A1ED1300F66648 /* FlowerVC.swift */,
				EEE12BCC27A34C9700F66648 /* CustomSegmentControl.swift */,
				EE7D5FC227A5EF01006E5756 /* ProgressBarsVC.swift */,
			);
			name = CustomShapes;
			sourceTree = "<group>";
		};
		EEE12BC427A1FB3D00F66648 /* Inputs */ = {
			isa = PBXGroup;
			children = (
				EEE12BC727A3478500F66648 /* Search */,
			);
			name = Inputs;
			sourceTree = "<group>";
		};
		EEE12BC727A3478500F66648 /* Search */ = {
			isa = PBXGroup;
			children = (
				EEE12BC527A1FB4D00F66648 /* SearchVC.swift */,
				EEE12BC827A3479E00F66648 /* SearchViewModel.swift */,
			);
			name = Search;
			sourceTree = "<group>";
		};
		FD02D70953C8E9AD9C07D38A /* Pods */ = {
			isa = PBXGroup;
			children = (
				8C63813BE8CC48C53DE1FF49 /* Pods-LemonadeUI_Example.debug.xcconfig */,
				D3ED7A8B1D41761F5B3F1C09 /* Pods-LemonadeUI_Example.release.xcconfig */,
				0AF120870AB91A1EB6223365 /* Pods-LemonadeUI_Tests.debug.xcconfig */,
				2B41981150A28BD83FA2431B /* Pods-LemonadeUI_Tests.release.xcconfig */,
			);
			path = Pods;
			sourceTree = "<group>";
		};
/* End PBXGroup section */

/* Begin PBXNativeTarget section */
		607FACCF1AFB9204008FA782 /* LemonadeUI_Example */ = {
			isa = PBXNativeTarget;
			buildConfigurationList = 607FACEF1AFB9204008FA782 /* Build configuration list for PBXNativeTarget "LemonadeUI_Example" */;
			buildPhases = (
				C97DA0AD74B819D8E0A48424 /* [CP] Check Pods Manifest.lock */,
				607FACCC1AFB9204008FA782 /* Sources */,
				607FACCD1AFB9204008FA782 /* Frameworks */,
				607FACCE1AFB9204008FA782 /* Resources */,
				EAF901155FC98D8638EF5AD4 /* [CP] Embed Pods Frameworks */,
			);
			buildRules = (
			);
			dependencies = (
			);
			name = LemonadeUI_Example;
			productName = LemonadeUI;
			productReference = 607FACD01AFB9204008FA782 /* LemonadeUI_Example.app */;
			productType = "com.apple.product-type.application";
		};
		607FACE41AFB9204008FA782 /* LemonadeUI_Tests */ = {
			isa = PBXNativeTarget;
			buildConfigurationList = 607FACF21AFB9204008FA782 /* Build configuration list for PBXNativeTarget "LemonadeUI_Tests" */;
			buildPhases = (
				CEA033829281CF15C6103A24 /* [CP] Check Pods Manifest.lock */,
				607FACE11AFB9204008FA782 /* Sources */,
				607FACE21AFB9204008FA782 /* Frameworks */,
				607FACE31AFB9204008FA782 /* Resources */,
			);
			buildRules = (
			);
			dependencies = (
				607FACE71AFB9204008FA782 /* PBXTargetDependency */,
			);
			name = LemonadeUI_Tests;
			productName = Tests;
			productReference = 607FACE51AFB9204008FA782 /* LemonadeUI_Tests.xctest */;
			productType = "com.apple.product-type.bundle.unit-test";
		};
/* End PBXNativeTarget section */

/* Begin PBXProject section */
		607FACC81AFB9204008FA782 /* Project object */ = {
			isa = PBXProject;
			attributes = {
				LastSwiftUpdateCheck = 0830;
				LastUpgradeCheck = 1250;
				ORGANIZATIONNAME = CocoaPods;
				TargetAttributes = {
					607FACCF1AFB9204008FA782 = {
						CreatedOnToolsVersion = 6.3.1;
						DevelopmentTeam = DLT766KKZH;
						LastSwiftMigration = 1250;
					};
					607FACE41AFB9204008FA782 = {
						CreatedOnToolsVersion = 6.3.1;
						DevelopmentTeam = DLT766KKZH;
						LastSwiftMigration = 1250;
						TestTargetID = 607FACCF1AFB9204008FA782;
					};
				};
			};
			buildConfigurationList = 607FACCB1AFB9204008FA782 /* Build configuration list for PBXProject "LemonadeUI" */;
			compatibilityVersion = "Xcode 3.2";
			developmentRegion = en;
			hasScannedForEncodings = 0;
			knownRegions = (
				en,
				Base,
			);
			mainGroup = 607FACC71AFB9204008FA782;
			productRefGroup = 607FACD11AFB9204008FA782 /* Products */;
			projectDirPath = "";
			projectRoot = "";
			targets = (
				607FACCF1AFB9204008FA782 /* LemonadeUI_Example */,
				607FACE41AFB9204008FA782 /* LemonadeUI_Tests */,
			);
		};
/* End PBXProject section */

/* Begin PBXResourcesBuildPhase section */
		607FACCE1AFB9204008FA782 /* Resources */ = {
			isa = PBXResourcesBuildPhase;
			buildActionMask = 2147483647;
			files = (
				607FACE01AFB9204008FA782 /* LaunchScreen.xib in Resources */,
				607FACDD1AFB9204008FA782 /* Images.xcassets in Resources */,
			);
			runOnlyForDeploymentPostprocessing = 0;
		};
		607FACE31AFB9204008FA782 /* Resources */ = {
			isa = PBXResourcesBuildPhase;
			buildActionMask = 2147483647;
			files = (
			);
			runOnlyForDeploymentPostprocessing = 0;
		};
/* End PBXResourcesBuildPhase section */

/* Begin PBXShellScriptBuildPhase section */
		C97DA0AD74B819D8E0A48424 /* [CP] Check Pods Manifest.lock */ = {
			isa = PBXShellScriptBuildPhase;
			buildActionMask = 2147483647;
			files = (
			);
			inputFileListPaths = (
			);
			inputPaths = (
				"${PODS_PODFILE_DIR_PATH}/Podfile.lock",
				"${PODS_ROOT}/Manifest.lock",
			);
			name = "[CP] Check Pods Manifest.lock";
			outputFileListPaths = (
			);
			outputPaths = (
				"$(DERIVED_FILE_DIR)/Pods-LemonadeUI_Example-checkManifestLockResult.txt",
			);
			runOnlyForDeploymentPostprocessing = 0;
			shellPath = /bin/sh;
			shellScript = "diff \"${PODS_PODFILE_DIR_PATH}/Podfile.lock\" \"${PODS_ROOT}/Manifest.lock\" > /dev/null\nif [ $? != 0 ] ; then\n    # print error to STDERR\n    echo \"error: The sandbox is not in sync with the Podfile.lock. Run 'pod install' or update your CocoaPods installation.\" >&2\n    exit 1\nfi\n# This output is used by Xcode 'outputs' to avoid re-running this script phase.\necho \"SUCCESS\" > \"${SCRIPT_OUTPUT_FILE_0}\"\n";
			showEnvVarsInLog = 0;
		};
		CEA033829281CF15C6103A24 /* [CP] Check Pods Manifest.lock */ = {
			isa = PBXShellScriptBuildPhase;
			buildActionMask = 2147483647;
			files = (
			);
			inputFileListPaths = (
			);
			inputPaths = (
				"${PODS_PODFILE_DIR_PATH}/Podfile.lock",
				"${PODS_ROOT}/Manifest.lock",
			);
			name = "[CP] Check Pods Manifest.lock";
			outputFileListPaths = (
			);
			outputPaths = (
				"$(DERIVED_FILE_DIR)/Pods-LemonadeUI_Tests-checkManifestLockResult.txt",
			);
			runOnlyForDeploymentPostprocessing = 0;
			shellPath = /bin/sh;
			shellScript = "diff \"${PODS_PODFILE_DIR_PATH}/Podfile.lock\" \"${PODS_ROOT}/Manifest.lock\" > /dev/null\nif [ $? != 0 ] ; then\n    # print error to STDERR\n    echo \"error: The sandbox is not in sync with the Podfile.lock. Run 'pod install' or update your CocoaPods installation.\" >&2\n    exit 1\nfi\n# This output is used by Xcode 'outputs' to avoid re-running this script phase.\necho \"SUCCESS\" > \"${SCRIPT_OUTPUT_FILE_0}\"\n";
			showEnvVarsInLog = 0;
		};
		EAF901155FC98D8638EF5AD4 /* [CP] Embed Pods Frameworks */ = {
			isa = PBXShellScriptBuildPhase;
			buildActionMask = 2147483647;
			files = (
			);
			inputPaths = (
				"${PODS_ROOT}/Target Support Files/Pods-LemonadeUI_Example/Pods-LemonadeUI_Example-frameworks.sh",
				"${BUILT_PRODUCTS_DIR}/LemonadeUI/LemonadeUI.framework",
			);
			name = "[CP] Embed Pods Frameworks";
			outputPaths = (
				"${TARGET_BUILD_DIR}/${FRAMEWORKS_FOLDER_PATH}/LemonadeUI.framework",
			);
			runOnlyForDeploymentPostprocessing = 0;
			shellPath = /bin/sh;
			shellScript = "\"${PODS_ROOT}/Target Support Files/Pods-LemonadeUI_Example/Pods-LemonadeUI_Example-frameworks.sh\"\n";
			showEnvVarsInLog = 0;
		};
/* End PBXShellScriptBuildPhase section */

/* Begin PBXSourcesBuildPhase section */
		607FACCC1AFB9204008FA782 /* Sources */ = {
			isa = PBXSourcesBuildPhase;
			buildActionMask = 2147483647;
			files = (
				EEE12BCB27A347CF00F66648 /* SearchCell.swift in Sources */,
				EECF70A127A6A0B900BBEA02 /* ExampleFormViewModel.swift in Sources */,
				EEE12BBF27A1E8C900F66648 /* LotusVC.swift in Sources */,
				EEE12BC627A1FB4D00F66648 /* SearchVC.swift in Sources */,
				EE65782A279FEC0C00F12261 /* PlaygroundHeaderView.swift in Sources */,
				EE7D5FC327A5EF01006E5756 /* ProgressBarsVC.swift in Sources */,
				EE65781D279F2A2E00F12261 /* StarterVC.swift in Sources */,
				607FACD61AFB9204008FA782 /* AppDelegate.swift in Sources */,
				EEE12BBA27A1DEC400F66648 /* ChartVC.swift in Sources */,
				EEE12BC927A3479E00F66648 /* SearchViewModel.swift in Sources */,
				EEE12BC127A1ED1300F66648 /* FlowerVC.swift in Sources */,
				EEE12BC327A1F31300F66648 /* SliderCell.swift in Sources */,
				EE657820279F2D4200F12261 /* PlaygroundVC.swift in Sources */,
				EE657825279FEB6F00F12261 /* ButtonTableViewCell.swift in Sources */,
				EEE12BCD27A34C9700F66648 /* CustomSegmentControl.swift in Sources */,
				EE657828279FEBD300F12261 /* PlaygroundViewModel.swift in Sources */,
			);
			runOnlyForDeploymentPostprocessing = 0;
		};
		607FACE11AFB9204008FA782 /* Sources */ = {
			isa = PBXSourcesBuildPhase;
			buildActionMask = 2147483647;
			files = (
				607FACEC1AFB9204008FA782 /* Tests.swift in Sources */,
			);
			runOnlyForDeploymentPostprocessing = 0;
		};
/* End PBXSourcesBuildPhase section */

/* Begin PBXTargetDependency section */
		607FACE71AFB9204008FA782 /* PBXTargetDependency */ = {
			isa = PBXTargetDependency;
			target = 607FACCF1AFB9204008FA782 /* LemonadeUI_Example */;
			targetProxy = 607FACE61AFB9204008FA782 /* PBXContainerItemProxy */;
		};
/* End PBXTargetDependency section */

/* Begin PBXVariantGroup section */
		607FACDE1AFB9204008FA782 /* LaunchScreen.xib */ = {
			isa = PBXVariantGroup;
			children = (
				607FACDF1AFB9204008FA782 /* Base */,
			);
			name = LaunchScreen.xib;
			sourceTree = "<group>";
		};
/* End PBXVariantGroup section */

/* Begin XCBuildConfiguration section */
		607FACED1AFB9204008FA782 /* Debug */ = {
			isa = XCBuildConfiguration;
			buildSettings = {
				ALWAYS_SEARCH_USER_PATHS = NO;
				CLANG_CXX_LANGUAGE_STANDARD = "gnu++0x";
				CLANG_CXX_LIBRARY = "libc++";
				CLANG_ENABLE_MODULES = YES;
				CLANG_ENABLE_OBJC_ARC = YES;
				CLANG_WARN_BLOCK_CAPTURE_AUTORELEASING = YES;
				CLANG_WARN_BOOL_CONVERSION = YES;
				CLANG_WARN_COMMA = YES;
				CLANG_WARN_CONSTANT_CONVERSION = YES;
				CLANG_WARN_DEPRECATED_OBJC_IMPLEMENTATIONS = YES;
				CLANG_WARN_DIRECT_OBJC_ISA_USAGE = YES_ERROR;
				CLANG_WARN_EMPTY_BODY = YES;
				CLANG_WARN_ENUM_CONVERSION = YES;
				CLANG_WARN_INFINITE_RECURSION = YES;
				CLANG_WARN_INT_CONVERSION = YES;
				CLANG_WARN_NON_LITERAL_NULL_CONVERSION = YES;
				CLANG_WARN_OBJC_IMPLICIT_RETAIN_SELF = YES;
				CLANG_WARN_OBJC_LITERAL_CONVERSION = YES;
				CLANG_WARN_OBJC_ROOT_CLASS = YES_ERROR;
				CLANG_WARN_QUOTED_INCLUDE_IN_FRAMEWORK_HEADER = YES;
				CLANG_WARN_RANGE_LOOP_ANALYSIS = YES;
				CLANG_WARN_STRICT_PROTOTYPES = YES;
				CLANG_WARN_SUSPICIOUS_MOVE = YES;
				CLANG_WARN_UNREACHABLE_CODE = YES;
				CLANG_WARN__DUPLICATE_METHOD_MATCH = YES;
				"CODE_SIGN_IDENTITY[sdk=iphoneos*]" = "iPhone Developer";
				COPY_PHASE_STRIP = NO;
				DEBUG_INFORMATION_FORMAT = "dwarf-with-dsym";
				ENABLE_STRICT_OBJC_MSGSEND = YES;
				ENABLE_TESTABILITY = YES;
				GCC_C_LANGUAGE_STANDARD = gnu99;
				GCC_DYNAMIC_NO_PIC = NO;
				GCC_NO_COMMON_BLOCKS = YES;
				GCC_OPTIMIZATION_LEVEL = 0;
				GCC_PREPROCESSOR_DEFINITIONS = (
					"DEBUG=1",
					"$(inherited)",
				);
				GCC_SYMBOLS_PRIVATE_EXTERN = NO;
				GCC_WARN_64_TO_32_BIT_CONVERSION = YES;
				GCC_WARN_ABOUT_RETURN_TYPE = YES_ERROR;
				GCC_WARN_UNDECLARED_SELECTOR = YES;
				GCC_WARN_UNINITIALIZED_AUTOS = YES_AGGRESSIVE;
				GCC_WARN_UNUSED_FUNCTION = YES;
				GCC_WARN_UNUSED_VARIABLE = YES;
				IPHONEOS_DEPLOYMENT_TARGET = 12.0;
				MTL_ENABLE_DEBUG_INFO = YES;
				ONLY_ACTIVE_ARCH = YES;
				SDKROOT = iphoneos;
				SWIFT_OPTIMIZATION_LEVEL = "-Onone";
			};
			name = Debug;
		};
		607FACEE1AFB9204008FA782 /* Release */ = {
			isa = XCBuildConfiguration;
			buildSettings = {
				ALWAYS_SEARCH_USER_PATHS = NO;
				CLANG_CXX_LANGUAGE_STANDARD = "gnu++0x";
				CLANG_CXX_LIBRARY = "libc++";
				CLANG_ENABLE_MODULES = YES;
				CLANG_ENABLE_OBJC_ARC = YES;
				CLANG_WARN_BLOCK_CAPTURE_AUTORELEASING = YES;
				CLANG_WARN_BOOL_CONVERSION = YES;
				CLANG_WARN_COMMA = YES;
				CLANG_WARN_CONSTANT_CONVERSION = YES;
				CLANG_WARN_DEPRECATED_OBJC_IMPLEMENTATIONS = YES;
				CLANG_WARN_DIRECT_OBJC_ISA_USAGE = YES_ERROR;
				CLANG_WARN_EMPTY_BODY = YES;
				CLANG_WARN_ENUM_CONVERSION = YES;
				CLANG_WARN_INFINITE_RECURSION = YES;
				CLANG_WARN_INT_CONVERSION = YES;
				CLANG_WARN_NON_LITERAL_NULL_CONVERSION = YES;
				CLANG_WARN_OBJC_IMPLICIT_RETAIN_SELF = YES;
				CLANG_WARN_OBJC_LITERAL_CONVERSION = YES;
				CLANG_WARN_OBJC_ROOT_CLASS = YES_ERROR;
				CLANG_WARN_QUOTED_INCLUDE_IN_FRAMEWORK_HEADER = YES;
				CLANG_WARN_RANGE_LOOP_ANALYSIS = YES;
				CLANG_WARN_STRICT_PROTOTYPES = YES;
				CLANG_WARN_SUSPICIOUS_MOVE = YES;
				CLANG_WARN_UNREACHABLE_CODE = YES;
				CLANG_WARN__DUPLICATE_METHOD_MATCH = YES;
				"CODE_SIGN_IDENTITY[sdk=iphoneos*]" = "iPhone Developer";
				COPY_PHASE_STRIP = NO;
				DEBUG_INFORMATION_FORMAT = "dwarf-with-dsym";
				ENABLE_NS_ASSERTIONS = NO;
				ENABLE_STRICT_OBJC_MSGSEND = YES;
				GCC_C_LANGUAGE_STANDARD = gnu99;
				GCC_NO_COMMON_BLOCKS = YES;
				GCC_WARN_64_TO_32_BIT_CONVERSION = YES;
				GCC_WARN_ABOUT_RETURN_TYPE = YES_ERROR;
				GCC_WARN_UNDECLARED_SELECTOR = YES;
				GCC_WARN_UNINITIALIZED_AUTOS = YES_AGGRESSIVE;
				GCC_WARN_UNUSED_FUNCTION = YES;
				GCC_WARN_UNUSED_VARIABLE = YES;
				IPHONEOS_DEPLOYMENT_TARGET = 12.0;
				MTL_ENABLE_DEBUG_INFO = NO;
				SDKROOT = iphoneos;
				SWIFT_OPTIMIZATION_LEVEL = "-Owholemodule";
				VALIDATE_PRODUCT = YES;
			};
			name = Release;
		};
		607FACF01AFB9204008FA782 /* Debug */ = {
			isa = XCBuildConfiguration;
			baseConfigurationReference = 8C63813BE8CC48C53DE1FF49 /* Pods-LemonadeUI_Example.debug.xcconfig */;
			buildSettings = {
				ASSETCATALOG_COMPILER_APPICON_NAME = AppIcon;
				DEVELOPMENT_TEAM = DLT766KKZH;
				INFOPLIST_FILE = LemonadeUI/Info.plist;
				LD_RUNPATH_SEARCH_PATHS = "$(inherited) @executable_path/Frameworks";
				MODULE_NAME = ExampleApp;
				PRODUCT_BUNDLE_IDENTIFIER = "org.cocoapods.demo.$(PRODUCT_NAME:rfc1034identifier)";
				PRODUCT_NAME = "$(TARGET_NAME)";
				SWIFT_SWIFT3_OBJC_INFERENCE = Default;
				SWIFT_VERSION = 5.0;
			};
			name = Debug;
		};
		607FACF11AFB9204008FA782 /* Release */ = {
			isa = XCBuildConfiguration;
			baseConfigurationReference = D3ED7A8B1D41761F5B3F1C09 /* Pods-LemonadeUI_Example.release.xcconfig */;
			buildSettings = {
				ASSETCATALOG_COMPILER_APPICON_NAME = AppIcon;
				DEVELOPMENT_TEAM = DLT766KKZH;
				INFOPLIST_FILE = LemonadeUI/Info.plist;
				LD_RUNPATH_SEARCH_PATHS = "$(inherited) @executable_path/Frameworks";
				MODULE_NAME = ExampleApp;
				PRODUCT_BUNDLE_IDENTIFIER = "org.cocoapods.demo.$(PRODUCT_NAME:rfc1034identifier)";
				PRODUCT_NAME = "$(TARGET_NAME)";
				SWIFT_SWIFT3_OBJC_INFERENCE = Default;
				SWIFT_VERSION = 5.0;
			};
			name = Release;
		};
		607FACF31AFB9204008FA782 /* Debug */ = {
			isa = XCBuildConfiguration;
			baseConfigurationReference = 0AF120870AB91A1EB6223365 /* Pods-LemonadeUI_Tests.debug.xcconfig */;
			buildSettings = {
				DEVELOPMENT_TEAM = DLT766KKZH;
				FRAMEWORK_SEARCH_PATHS = (
					"$(PLATFORM_DIR)/Developer/Library/Frameworks",
					"$(inherited)",
				);
				GCC_PREPROCESSOR_DEFINITIONS = (
					"DEBUG=1",
					"$(inherited)",
				);
				INFOPLIST_FILE = Tests/Info.plist;
				LD_RUNPATH_SEARCH_PATHS = "$(inherited) @executable_path/Frameworks @loader_path/Frameworks";
				PRODUCT_BUNDLE_IDENTIFIER = "org.cocoapods.$(PRODUCT_NAME:rfc1034identifier)";
				PRODUCT_NAME = "$(TARGET_NAME)";
				SWIFT_SWIFT3_OBJC_INFERENCE = Default;
				SWIFT_VERSION = 5.0;
				TEST_HOST = "$(BUILT_PRODUCTS_DIR)/LemonadeUI_Example.app/LemonadeUI_Example";
			};
			name = Debug;
		};
		607FACF41AFB9204008FA782 /* Release */ = {
			isa = XCBuildConfiguration;
			baseConfigurationReference = 2B41981150A28BD83FA2431B /* Pods-LemonadeUI_Tests.release.xcconfig */;
			buildSettings = {
				DEVELOPMENT_TEAM = DLT766KKZH;
				FRAMEWORK_SEARCH_PATHS = (
					"$(PLATFORM_DIR)/Developer/Library/Frameworks",
					"$(inherited)",
				);
				INFOPLIST_FILE = Tests/Info.plist;
				LD_RUNPATH_SEARCH_PATHS = "$(inherited) @executable_path/Frameworks @loader_path/Frameworks";
				PRODUCT_BUNDLE_IDENTIFIER = "org.cocoapods.$(PRODUCT_NAME:rfc1034identifier)";
				PRODUCT_NAME = "$(TARGET_NAME)";
				SWIFT_SWIFT3_OBJC_INFERENCE = Default;
				SWIFT_VERSION = 5.0;
				TEST_HOST = "$(BUILT_PRODUCTS_DIR)/LemonadeUI_Example.app/LemonadeUI_Example";
			};
			name = Release;
		};
/* End XCBuildConfiguration section */

/* Begin XCConfigurationList section */
		607FACCB1AFB9204008FA782 /* Build configuration list for PBXProject "LemonadeUI" */ = {
			isa = XCConfigurationList;
			buildConfigurations = (
				607FACED1AFB9204008FA782 /* Debug */,
				607FACEE1AFB9204008FA782 /* Release */,
			);
			defaultConfigurationIsVisible = 0;
			defaultConfigurationName = Release;
		};
		607FACEF1AFB9204008FA782 /* Build configuration list for PBXNativeTarget "LemonadeUI_Example" */ = {
			isa = XCConfigurationList;
			buildConfigurations = (
				607FACF01AFB9204008FA782 /* Debug */,
				607FACF11AFB9204008FA782 /* Release */,
			);
			defaultConfigurationIsVisible = 0;
			defaultConfigurationName = Release;
		};
		607FACF21AFB9204008FA782 /* Build configuration list for PBXNativeTarget "LemonadeUI_Tests" */ = {
			isa = XCConfigurationList;
			buildConfigurations = (
				607FACF31AFB9204008FA782 /* Debug */,
				607FACF41AFB9204008FA782 /* Release */,
			);
			defaultConfigurationIsVisible = 0;
			defaultConfigurationName = Release;
		};
/* End XCConfigurationList section */
	};
	rootObject = 607FACC81AFB9204008FA782 /* Project object */;
}
